schema: '2.0'
stages:
  data_collection:
    cmd: python src/data_collection.py
    deps:
    - path: src/data_collection.py
      hash: md5
      md5: 1a63c9e359841c78a8c47d717f9f2c44
      size: 1103
    outs:
    - path: data/raw
      hash: md5
      md5: 249f06c658805f438fcfa624727986fb.dir
      size: 15230797
      nfiles: 2
  preprocessing:
    cmd: python src\data_preprocessing.py
    deps:
    - path: data/raw
      hash: md5
      md5: 249f06c658805f438fcfa624727986fb.dir
      size: 15230797
      nfiles: 2
    - path: src\data_preprocessing.py
      hash: md5
      md5: 4e82763c212d19125f931481e7dbcdf7
      size: 2953
    outs:
    - path: data/processed
      hash: md5
      md5: 08c99a93805f04044790c0ecbf5498ae.dir
      size: 14131627
      nfiles: 2
  feature_engineering:
    cmd: python src\feature_engineering.py
    deps:
    - path: data/processed
      hash: md5
      md5: 08c99a93805f04044790c0ecbf5498ae.dir
      size: 14131627
      nfiles: 2
    - path: src\feature_engineering.py
      hash: md5
      md5: 4f83042799079588e7f56b4322b3dbda
      size: 4321
    outs:
    - path: data/featured
      hash: md5
      md5: a9e55acf1bb594d9cba2bb29bc912bea.dir
      size: 6346057
      nfiles: 2
  model_building:
    cmd: src\model_buiding.py
    deps:
    - path: data/featured
      hash: md5
      md5: a9e55acf1bb594d9cba2bb29bc912bea.dir
      size: 6346057
      nfiles: 2
    - path: src\model_buiding.py
      hash: md5
      md5: 7c5eca05f845215213f1cf0eb10de672
      size: 2244
    outs:
    - path: models\best_model.pkl
      hash: md5
      md5: 3fd08193647bb6b464e476be7c3787c1
      size: 6664562
  evaluate_model:
    cmd: python src\evaluate_model.py
    deps:
    - path: models\lgbm_model.pkl
      hash: md5
      md5: 7816d8bb65924b057c433ea4bcfd26e5
      size: 3433909
    - path: src\evaluate_model.py
      hash: md5
      md5: 305ef4420d255a346adb83d3880656f0
      size: 3759
    outs:
    - path: reports\metrics.json
      hash: md5
      md5: 5d034a0feadeb74c487f22cd9057fcf2
      size: 1178
